// !$*UTF8*$!
{
	archiveVersion = 1;
	classes = {
	};
	objectVersion = 46;
	objects = {

/* Begin PBXBuildFile section */
		275BF73719B5F9780043B86E /* AppDelegate.swift in Sources */ = {isa = PBXBuildFile; fileRef = 275BF73619B5F9780043B86E /* AppDelegate.swift */; };
		275BF73919B5F9780043B86E /* ViewController.swift in Sources */ = {isa = PBXBuildFile; fileRef = 275BF73819B5F9780043B86E /* ViewController.swift */; };
		275BF73C19B5F9780043B86E /* Main.storyboard in Resources */ = {isa = PBXBuildFile; fileRef = 275BF73A19B5F9780043B86E /* Main.storyboard */; };
		275BF73E19B5F9780043B86E /* Images.xcassets in Resources */ = {isa = PBXBuildFile; fileRef = 275BF73D19B5F9780043B86E /* Images.xcassets */; };
		275BF74A19B5F9780043B86E /* Rails_AppTests.swift in Sources */ = {isa = PBXBuildFile; fileRef = 275BF74919B5F9780043B86E /* Rails_AppTests.swift */; };
/* End PBXBuildFile section */

/* Begin PBXContainerItemProxy section */
		275BF74419B5F9780043B86E /* PBXContainerItemProxy */ = {
			isa = PBXContainerItemProxy;
			containerPortal = 275BF72919B5F9780043B86E /* Project object */;
			proxyType = 1;
			remoteGlobalIDString = 275BF73019B5F9780043B86E;
			remoteInfo = "Rails App";
		};
/* End PBXContainerItemProxy section */

/* Begin PBXFileReference section */
		275BF73119B5F9780043B86E /* Rails App.app */ = {isa = PBXFileReference; explicitFileType = wrapper.application; includeInIndex = 0; path = "Rails App.app"; sourceTree = BUILT_PRODUCTS_DIR; };
		275BF73519B5F9780043B86E /* Info.plist */ = {isa = PBXFileReference; lastKnownFileType = text.plist.xml; path = Info.plist; sourceTree = "<group>"; };
		275BF73619B5F9780043B86E /* AppDelegate.swift */ = {isa = PBXFileReference; lastKnownFileType = sourcecode.swift; path = AppDelegate.swift; sourceTree = "<group>"; };
		275BF73819B5F9780043B86E /* ViewController.swift */ = {isa = PBXFileReference; lastKnownFileType = sourcecode.swift; path = ViewController.swift; sourceTree = "<group>"; };
		275BF73B19B5F9780043B86E /* Base */ = {isa = PBXFileReference; lastKnownFileType = file.storyboard; name = Base; path = Base.lproj/Main.storyboard; sourceTree = "<group>"; };
		275BF73D19B5F9780043B86E /* Images.xcassets */ = {isa = PBXFileReference; lastKnownFileType = folder.assetcatalog; path = Images.xcassets; sourceTree = "<group>"; };
		275BF74319B5F9780043B86E /* Rails AppTests.xctest */ = {isa = PBXFileReference; explicitFileType = wrapper.cfbundle; includeInIndex = 0; path = "Rails AppTests.xctest"; sourceTree = BUILT_PRODUCTS_DIR; };
		275BF74819B5F9780043B86E /* Info.plist */ = {isa = PBXFileReference; lastKnownFileType = text.plist.xml; path = Info.plist; sourceTree = "<group>"; };
		275BF74919B5F9780043B86E /* Rails_AppTests.swift */ = {isa = PBXFileReference; lastKnownFileType = sourcecode.swift; path = Rails_AppTests.swift; sourceTree = "<group>"; };
/* End PBXFileReference section */

/* Begin PBXFrameworksBuildPhase section */
		275BF72E19B5F9780043B86E /* Frameworks */ = {
			isa = PBXFrameworksBuildPhase;
			buildActionMask = 2147483647;
			files = (
			);
			runOnlyForDeploymentPostprocessing = 0;
		};
		275BF74019B5F9780043B86E /* Frameworks */ = {
			isa = PBXFrameworksBuildPhase;
			buildActionMask = 2147483647;
			files = (
			);
			runOnlyForDeploymentPostprocessing = 0;
		};
/* End PBXFrameworksBuildPhase section */

/* Begin PBXGroup section */
		275BF72819B5F9770043B86E = {
			isa = PBXGroup;
			children = (
				275BF73319B5F9780043B86E /* Rails App */,
				275BF74619B5F9780043B86E /* Rails AppTests */,
				275BF73219B5F9780043B86E /* Products */,
			);
			sourceTree = "<group>";
		};
		275BF73219B5F9780043B86E /* Products */ = {
			isa = PBXGroup;
			children = (
				275BF73119B5F9780043B86E /* Rails App.app */,
				275BF74319B5F9780043B86E /* Rails AppTests.xctest */,
			);
			name = Products;
			sourceTree = "<group>";
		};
		275BF73319B5F9780043B86E /* Rails App */ = {
			isa = PBXGroup;
			children = (
				275BF73619B5F9780043B86E /* AppDelegate.swift */,
				275BF73819B5F9780043B86E /* ViewController.swift */,
				275BF73A19B5F9780043B86E /* Main.storyboard */,
				275BF73D19B5F9780043B86E /* Images.xcassets */,
				275BF73419B5F9780043B86E /* Supporting Files */,
			);
			path = "Rails App";
			sourceTree = "<group>";
		};
		275BF73419B5F9780043B86E /* Supporting Files */ = {
			isa = PBXGroup;
			children = (
				275BF73519B5F9780043B86E /* Info.plist */,
			);
			name = "Supporting Files";
			sourceTree = "<group>";
		};
		275BF74619B5F9780043B86E /* Rails AppTests */ = {
			isa = PBXGroup;
			children = (
				275BF74919B5F9780043B86E /* Rails_AppTests.swift */,
				275BF74719B5F9780043B86E /* Supporting Files */,
			);
			path = "Rails AppTests";
			sourceTree = "<group>";
		};
		275BF74719B5F9780043B86E /* Supporting Files */ = {
			isa = PBXGroup;
			children = (
				275BF74819B5F9780043B86E /* Info.plist */,
			);
			name = "Supporting Files";
			sourceTree = "<group>";
		};
/* End PBXGroup section */

/* Begin PBXNativeTarget section */
		275BF73019B5F9780043B86E /* Rails App */ = {
			isa = PBXNativeTarget;
			buildConfigurationList = 275BF74D19B5F9780043B86E /* Build configuration list for PBXNativeTarget "Rails App" */;
			buildPhases = (
				275BF72D19B5F9780043B86E /* Sources */,
				275BF72E19B5F9780043B86E /* Frameworks */,
				275BF72F19B5F9780043B86E /* Resources */,
			);
			buildRules = (
			);
			dependencies = (
			);
			name = "Rails App";
			productName = "Rails App";
			productReference = 275BF73119B5F9780043B86E /* Rails App.app */;
			productType = "com.apple.product-type.application";
		};
		275BF74219B5F9780043B86E /* Rails AppTests */ = {
			isa = PBXNativeTarget;
			buildConfigurationList = 275BF75019B5F9780043B86E /* Build configuration list for PBXNativeTarget "Rails AppTests" */;
			buildPhases = (
				275BF73F19B5F9780043B86E /* Sources */,
				275BF74019B5F9780043B86E /* Frameworks */,
				275BF74119B5F9780043B86E /* Resources */,
			);
			buildRules = (
			);
			dependencies = (
				275BF74519B5F9780043B86E /* PBXTargetDependency */,
			);
			name = "Rails AppTests";
			productName = "Rails AppTests";
			productReference = 275BF74319B5F9780043B86E /* Rails AppTests.xctest */;
			productType = "com.apple.product-type.bundle.unit-test";
		};
/* End PBXNativeTarget section */

/* Begin PBXProject section */
		275BF72919B5F9780043B86E /* Project object */ = {
			isa = PBXProject;
			attributes = {
				LastUpgradeCheck = 0600;
				ORGANIZATIONNAME = "Katlyn Schwaebe";
				TargetAttributes = {
					275BF73019B5F9780043B86E = {
						CreatedOnToolsVersion = 6.0;
					};
					275BF74219B5F9780043B86E = {
						CreatedOnToolsVersion = 6.0;
						TestTargetID = 275BF73019B5F9780043B86E;
					};
				};
			};
			buildConfigurationList = 275BF72C19B5F9780043B86E /* Build configuration list for PBXProject "Rails App" */;
			compatibilityVersion = "Xcode 3.2";
			developmentRegion = English;
			hasScannedForEncodings = 0;
			knownRegions = (
				en,
				Base,
			);
			mainGroup = 275BF72819B5F9770043B86E;
			productRefGroup = 275BF73219B5F9780043B86E /* Products */;
			projectDirPath = "";
			projectRoot = "";
			targets = (
				275BF73019B5F9780043B86E /* Rails App */,
				275BF74219B5F9780043B86E /* Rails AppTests */,
			);
		};
/* End PBXProject section */

/* Begin PBXResourcesBuildPhase section */
		275BF72F19B5F9780043B86E /* Resources */ = {
			isa = PBXResourcesBuildPhase;
			buildActionMask = 2147483647;
			files = (
				275BF73C19B5F9780043B86E /* Main.storyboard in Resources */,
				275BF73E19B5F9780043B86E /* Images.xcassets in Resources */,
			);
			runOnlyForDeploymentPostprocessing = 0;
		};
		275BF74119B5F9780043B86E /* Resources */ = {
			isa = PBXResourcesBuildPhase;
			buildActionMask = 2147483647;
			files = (
			);
			runOnlyForDeploymentPostprocessing = 0;
		};
/* End PBXResourcesBuildPhase section */

/* Begin PBXSourcesBuildPhase section */
		275BF72D19B5F9780043B86E /* Sources */ = {
			isa = PBXSourcesBuildPhase;
			buildActionMask = 2147483647;
			files = (
				275BF73919B5F9780043B86E /* ViewController.swift in Sources */,
				275BF73719B5F9780043B86E /* AppDelegate.swift in Sources */,
			);
			runOnlyForDeploymentPostprocessing = 0;
		};
		275BF73F19B5F9780043B86E /* Sources */ = {
			isa = PBXSourcesBuildPhase;
			buildActionMask = 2147483647;
			files = (
				275BF74A19B5F9780043B86E /* Rails_AppTests.swift in Sources */,
			);
			runOnlyForDeploymentPostprocessing = 0;
		};
/* End PBXSourcesBuildPhase section */

/* Begin PBXTargetDependency section */
		275BF74519B5F9780043B86E /* PBXTargetDependency */ = {
			isa = PBXTargetDependency;
			target = 275BF73019B5F9780043B86E /* Rails App */;
			targetProxy = 275BF74419B5F9780043B86E /* PBXContainerItemProxy */;
		};
/* End PBXTargetDependency section */

/* Begin PBXVariantGroup section */
		275BF73A19B5F9780043B86E /* Main.storyboard */ = {
			isa = PBXVariantGroup;
			children = (
				275BF73B19B5F9780043B86E /* Base */,
			);
			name = Main.storyboard;
			sourceTree = "<group>";
		};
/* End PBXVariantGroup section */

/* Begin XCBuildConfiguration section */
		275BF74B19B5F9780043B86E /* Debug */ = {
			isa = XCBuildConfiguration;
			buildSettings = {
				ALWAYS_SEARCH_USER_PATHS = NO;
				CLANG_CXX_LANGUAGE_STANDARD = "gnu++0x";
				CLANG_CXX_LIBRARY = "libc++";
				CLANG_ENABLE_MODULES = YES;
				CLANG_ENABLE_OBJC_ARC = YES;
				CLANG_WARN_BOOL_CONVERSION = YES;
				CLANG_WARN_CONSTANT_CONVERSION = YES;
				CLANG_WARN_DIRECT_OBJC_ISA_USAGE = YES_ERROR;
				CLANG_WARN_EMPTY_BODY = YES;
				CLANG_WARN_ENUM_CONVERSION = YES;
				CLANG_WARN_INT_CONVERSION = YES;
				CLANG_WARN_OBJC_ROOT_CLASS = YES_ERROR;
				CLANG_WARN_UNREACHABLE_CODE = YES;
				CLANG_WARN__DUPLICATE_METHOD_MATCH = YES;
				"CODE_SIGN_IDENTITY[sdk=iphoneos*]" = "iPhone Developer";
				COPY_PHASE_STRIP = NO;
				ENABLE_STRICT_OBJC_MSGSEND = YES;
				GCC_C_LANGUAGE_STANDARD = gnu99;
				GCC_DYNAMIC_NO_PIC = NO;
				GCC_OPTIMIZATION_LEVEL = 0;
				GCC_PREPROCESSOR_DEFINITIONS = (
					"DEBUG=1",
					"$(inherited)",
				);
				GCC_SYMBOLS_PRIVATE_EXTERN = NO;
				GCC_WARN_64_TO_32_BIT_CONVERSION = YES;
				GCC_WARN_ABOUT_RETURN_TYPE = YES_ERROR;
				GCC_WARN_UNDECLARED_SELECTOR = YES;
				GCC_WARN_UNINITIALIZED_AUTOS = YES_AGGRESSIVE;
				GCC_WARN_UNUSED_FUNCTION = YES;
				GCC_WARN_UNUSED_VARIABLE = YES;
				IPHONEOS_DEPLOYMENT_TARGET = 8.0;
				MTL_ENABLE_DEBUG_INFO = YES;
				ONLY_ACTIVE_ARCH = YES;
				SDKROOT = iphoneos;
				SWIFT_OPTIMIZATION_LEVEL = "-Onone";
			};
			name = Debug;
		};
		275BF74C19B5F9780043B86E /* Release */ = {
			isa = XCBuildConfiguration;
			buildSettings = {
				ALWAYS_SEARCH_USER_PATHS = NO;
				CLANG_CXX_LANGUAGE_STANDARD = "gnu++0x";
				CLANG_CXX_LIBRARY = "libc++";
				CLANG_ENABLE_MODULES = YES;
				CLANG_ENABLE_OBJC_ARC = YES;
				CLANG_WARN_BOOL_CONVERSION = YES;
				CLANG_WARN_CONSTANT_CONVERSION = YES;
				CLANG_WARN_DIRECT_OBJC_ISA_USAGE = YES_ERROR;
				CLANG_WARN_EMPTY_BODY = YES;
				CLANG_WARN_ENUM_CONVERSION = YES;
				CLANG_WARN_INT_CONVERSION = YES;
				CLANG_WARN_OBJC_ROOT_CLASS = YES_ERROR;
				CLANG_WARN_UNREACHABLE_CODE = YES;
				CLANG_WARN__DUPLICATE_METHOD_MATCH = YES;
				"CODE_SIGN_IDENTITY[sdk=iphoneos*]" = "iPhone Developer";
				COPY_PHASE_STRIP = YES;
				ENABLE_NS_ASSERTIONS = NO;
				ENABLE_STRICT_OBJC_MSGSEND = YES;
				GCC_C_LANGUAGE_STANDARD = gnu99;
				GCC_WARN_64_TO_32_BIT_CONVERSION = YES;
				GCC_WARN_ABOUT_RETURN_TYPE = YES_ERROR;
				GCC_WARN_UNDECLARED_SELECTOR = YES;
				GCC_WARN_UNINITIALIZED_AUTOS = YES_AGGRESSIVE;
				GCC_WARN_UNUSED_FUNCTION = YES;
				GCC_WARN_UNUSED_VARIABLE = YES;
				IPHONEOS_DEPLOYMENT_TARGET = 8.0;
				MTL_ENABLE_DEBUG_INFO = NO;
				SDKROOT = iphoneos;
				VALIDATE_PRODUCT = YES;
			};
			name = Release;
		};
		275BF74E19B5F9780043B86E /* Debug */ = {
			isa = XCBuildConfiguration;
			buildSettings = {
				ASSETCATALOG_COMPILER_APPICON_NAME = AppIcon;
				ASSETCATALOG_COMPILER_LAUNCHIMAGE_NAME = LaunchImage;
				INFOPLIST_FILE = "Rails App/Info.plist";
				LD_RUNPATH_SEARCH_PATHS = "$(inherited) @executable_path/Frameworks";
				PRODUCT_NAME = "$(TARGET_NAME)";
			};
			name = Debug;
		};
		275BF74F19B5F9780043B86E /* Release */ = {
			isa = XCBuildConfiguration;
			buildSettings = {
				ASSETCATALOG_COMPILER_APPICON_NAME = AppIcon;
				ASSETCATALOG_COMPILER_LAUNCHIMAGE_NAME = LaunchImage;
				INFOPLIST_FILE = "Rails App/Info.plist";
				LD_RUNPATH_SEARCH_PATHS = "$(inherited) @executable_path/Frameworks";
				PRODUCT_NAME = "$(TARGET_NAME)";
			};
			name = Release;
		};
		275BF75119B5F9780043B86E /* Debug */ = {
			isa = XCBuildConfiguration;
			buildSettings = {
				BUNDLE_LOADER = "$(TEST_HOST)";
				FRAMEWORK_SEARCH_PATHS = (
					"$(SDKROOT)/Developer/Library/Frameworks",
					"$(inherited)",
				);
				GCC_PREPROCESSOR_DEFINITIONS = (
					"DEBUG=1",
					"$(inherited)",
				);
				INFOPLIST_FILE = "Rails AppTests/Info.plist";
				LD_RUNPATH_SEARCH_PATHS = "$(inherited) @executable_path/Frameworks @loader_path/Frameworks";
				PRODUCT_NAME = "$(TARGET_NAME)";
				TEST_HOST = "$(BUILT_PRODUCTS_DIR)/Rails App.app/Rails App";
			};
			name = Debug;
		};
		275BF75219B5F9780043B86E /* Release */ = {
			isa = XCBuildConfiguration;
			buildSettings = {
				BUNDLE_LOADER = "$(TEST_HOST)";
				FRAMEWORK_SEARCH_PATHS = (
					"$(SDKROOT)/Developer/Library/Frameworks",
					"$(inherited)",
				);
				INFOPLIST_FILE = "Rails AppTests/Info.plist";
				LD_RUNPATH_SEARCH_PATHS = "$(inherited) @executable_path/Frameworks @loader_path/Frameworks";
				PRODUCT_NAME = "$(TARGET_NAME)";
				TEST_HOST = "$(BUILT_PRODUCTS_DIR)/Rails App.app/Rails App";
			};
			name = Release;
		};
/* End XCBuildConfiguration section */

/* Begin XCConfigurationList section */
		275BF72C19B5F9780043B86E /* Build configuration list for PBXProject "Rails App" */ = {
			isa = XCConfigurationList;
			buildConfigurations = (
				275BF74B19B5F9780043B86E /* Debug */,
				275BF74C19B5F9780043B86E /* Release */,
			);
			defaultConfigurationIsVisible = 0;
			defaultConfigurationName = Release;
		};
		275BF74D19B5F9780043B86E /* Build configuration list for PBXNativeTarget "Rails App" */ = {
			isa = XCConfigurationList;
			buildConfigurations = (
				275BF74E19B5F9780043B86E /* Debug */,
				275BF74F19B5F9780043B86E /* Release */,
			);
			defaultConfigurationIsVisible = 0;
		};
		275BF75019B5F9780043B86E /* Build configuration list for PBXNativeTarget "Rails AppTests" */ = {
			isa = XCConfigurationList;
			buildConfigurations = (
				275BF75119B5F9780043B86E /* Debug */,
				275BF75219B5F9780043B86E /* Release */,
			);
			defaultConfigurationIsVisible = 0;
		};
/* End XCConfigurationList section */
	};
	rootObject = 275BF72919B5F9780043B86E /* Project object */;
}
